
Microsoft Visual Studio Solution File, Format Version 12.00
# Visual Studio Version 16
VisualStudioVersion = 16.0.33027.164
MinimumVisualStudioVersion = 10.0.40219.1
Project("{FAE04EC0-301F-11D3-BF4B-00C04F79EFBC}") = "GivMED", "GivMED\GivMED.csproj", "{B4E7AE11-4D0E-4116-831B-CBDEE260CC27}"
EndProject
Project("{9A19103F-16F7-4668-BE54-9A1E7A4F7556}") = "GiveMED.Api", "GiveMED.Api\GiveMED.Api.csproj", "{84AE3674-A139-4E1D-A253-335D06125A61}"
EndProject
Project("{9A19103F-16F7-4668-BE54-9A1E7A4F7556}") = "GivMED.Test2", "GivMED.Test2\GivMED.Test2.csproj", "{BE983321-A771-4148-B844-BEC093B17C07}"
EndProject
Project("{FAE04EC0-301F-11D3-BF4B-00C04F79EFBC}") = "SignalRChat", "..\..\..\Users\prabod\Desktop\New folder\New folder\SignalRChat\SignalRChat.csproj", "{6E0DD730-9EC2-4F23-9C67-F00DD885C1EE}"
EndProject
Global
	GlobalSection(SolutionConfigurationPlatforms) = preSolution
		Debug|Any CPU = Debug|Any CPU
		Release|Any CPU = Release|Any CPU
	EndGlobalSection
	GlobalSection(ProjectConfigurationPlatforms) = postSolution
		{B4E7AE11-4D0E-4116-831B-CBDEE260CC27}.Debug|Any CPU.ActiveCfg = Debug|Any CPU
		{B4E7AE11-4D0E-4116-831B-CBDEE260CC27}.Debug|Any CPU.Build.0 = Debug|Any CPU
		{B4E7AE11-4D0E-4116-831B-CBDEE260CC27}.Release|Any CPU.ActiveCfg = Release|Any CPU
		{B4E7AE11-4D0E-4116-831B-CBDEE260CC27}.Release|Any CPU.Build.0 = Release|Any CPU
		{84AE3674-A139-4E1D-A253-335D06125A61}.Debug|Any CPU.ActiveCfg = Debug|Any CPU
		{84AE3674-A139-4E1D-A253-335D06125A61}.Debug|Any CPU.Build.0 = Debug|Any CPU
		{84AE3674-A139-4E1D-A253-335D06125A61}.Release|Any CPU.ActiveCfg = Release|Any CPU
		{84AE3674-A139-4E1D-A253-335D06125A61}.Release|Any CPU.Build.0 = Release|Any CPU
		{BE983321-A771-4148-B844-BEC093B17C07}.Debug|Any CPU.ActiveCfg = Debug|Any CPU
		{BE983321-A771-4148-B844-BEC093B17C07}.Debug|Any CPU.Build.0 = Debug|Any CPU
		{BE983321-A771-4148-B844-BEC093B17C07}.Release|Any CPU.ActiveCfg = Release|Any CPU
		{BE983321-A771-4148-B844-BEC093B17C07}.Release|Any CPU.Build.0 = Release|Any CPU
		{6E0DD730-9EC2-4F23-9C67-F00DD885C1EE}.Debug|Any CPU.ActiveCfg = Debug|Any CPU
		{6E0DD730-9EC2-4F23-9C67-F00DD885C1EE}.Debug|Any CPU.Build.0 = Debug|Any CPU
		{6E0DD730-9EC2-4F23-9C67-F00DD885C1EE}.Release|Any CPU.ActiveCfg = Release|Any CPU
		{6E0DD730-9EC2-4F23-9C67-F00DD885C1EE}.Release|Any CPU.Build.0 = Release|Any CPU
	EndGlobalSection
	GlobalSection(SolutionProperties) = preSolution
		HideSolutionNode = FALSE
	EndGlobalSection
	GlobalSection(ExtensibilityGlobals) = postSolution
		SolutionGuid = {68DA8914-2B4E-4D90-B4F8-2DB1DFC439B3}
	EndGlobalSection
EndGlobal
